// !$*UTF8*$!
{
	archiveVersion = 1;
	classes = {
	};
	objectVersion = 46;
	objects = {

/* Begin PBXFileReference section */
		98C009161B04D5DB00D83505 /* rgisPlot */ = {isa = PBXFileReference; lastKnownFileType = folder; path = rgisPlot; sourceTree = "<group>"; };
		98C009171B04D5DB00D83505 /* RGlib */ = {isa = PBXFileReference; lastKnownFileType = folder; path = RGlib; sourceTree = "<group>"; };
		98C009181B04D5DB00D83505 /* rServer */ = {isa = PBXFileReference; lastKnownFileType = folder; path = rServer; sourceTree = "<group>"; };
		98C009191B04D5DB00D83505 /* Scripts */ = {isa = PBXFileReference; lastKnownFileType = folder; path = Scripts; sourceTree = "<group>"; };
		98C0091A1B04D5DB00D83505 /* tfCommands */ = {isa = PBXFileReference; lastKnownFileType = folder; path = tfCommands; sourceTree = "<group>"; };
		98C0091B1B04D5DB00D83505 /* UIlib */ = {isa = PBXFileReference; lastKnownFileType = folder; path = UIlib; sourceTree = "<group>"; };
		98C0091C1B04D5DB00D83505 /* XResources */ = {isa = PBXFileReference; lastKnownFileType = folder; path = XResources; sourceTree = "<group>"; };
		98C0091D1B04D5E500D83505 /* CMlib */ = {isa = PBXFileReference; lastKnownFileType = folder; path = CMlib; sourceTree = "<group>"; };
		98C0091E1B04D5E500D83505 /* common.mk */ = {isa = PBXFileReference; fileEncoding = 4; lastKnownFileType = text; path = common.mk; sourceTree = "<group>"; };
		98C0091F1B04D5E500D83505 /* DBlib */ = {isa = PBXFileReference; lastKnownFileType = folder; path = DBlib; sourceTree = "<group>"; };
		98C009201B04D5E500D83505 /* f */ = {isa = PBXFileReference; lastKnownFileType = folder; path = f; sourceTree = "<group>"; };
		98C009211B04D5E500D83505 /* Flib */ = {isa = PBXFileReference; lastKnownFileType = folder; path = Flib; sourceTree = "<group>"; };
		98C009221B04D5E500D83505 /* html */ = {isa = PBXFileReference; lastKnownFileType = folder; path = html; sourceTree = "<group>"; };
		98C009231B04D5E500D83505 /* Makefile */ = {isa = PBXFileReference; fileEncoding = 4; lastKnownFileType = sourcecode.make; path = Makefile; sourceTree = "<group>"; };
		98C009241B04D5E500D83505 /* MDBlib */ = {isa = PBXFileReference; lastKnownFileType = folder; path = MDBlib; sourceTree = "<group>"; };
		98C009251B04D5E500D83505 /* Messages */ = {isa = PBXFileReference; lastKnownFileType = folder; path = Messages; sourceTree = "<group>"; };
		98C009261B04D5E500D83505 /* MFlib */ = {isa = PBXFileReference; lastKnownFileType = folder; path = MFlib; sourceTree = "<group>"; };
		98C009271B04D5E500D83505 /* nbproject */ = {isa = PBXFileReference; lastKnownFileType = folder; path = nbproject; sourceTree = "<group>"; };
		98C009281B04D5E500D83505 /* ncCommands */ = {isa = PBXFileReference; lastKnownFileType = folder; path = ncCommands; sourceTree = "<group>"; };
		98C009291B04D5E500D83505 /* NClib */ = {isa = PBXFileReference; lastKnownFileType = folder; path = NClib; sourceTree = "<group>"; };
		98C0092A1B04D5E500D83505 /* rCommands */ = {isa = PBXFileReference; lastKnownFileType = folder; path = rCommands; sourceTree = "<group>"; };
		98C0092B1B04D5E500D83505 /* rGIS */ = {isa = PBXFileReference; lastKnownFileType = folder; path = rGIS; sourceTree = "<group>"; };
/* End PBXFileReference section */

/* Begin PBXGroup section */
		98C0090B1B04D57900D83505 = {
			isa = PBXGroup;
			children = (
				98C0091D1B04D5E500D83505 /* CMlib */,
				98C0091E1B04D5E500D83505 /* common.mk */,
				98C0091F1B04D5E500D83505 /* DBlib */,
				98C009201B04D5E500D83505 /* f */,
				98C009211B04D5E500D83505 /* Flib */,
				98C009221B04D5E500D83505 /* html */,
				98C009231B04D5E500D83505 /* Makefile */,
				98C009241B04D5E500D83505 /* MDBlib */,
				98C009251B04D5E500D83505 /* Messages */,
				98C009261B04D5E500D83505 /* MFlib */,
				98C009271B04D5E500D83505 /* nbproject */,
				98C009281B04D5E500D83505 /* ncCommands */,
				98C009291B04D5E500D83505 /* NClib */,
				98C0092A1B04D5E500D83505 /* rCommands */,
				98C0092B1B04D5E500D83505 /* rGIS */,
				98C009161B04D5DB00D83505 /* rgisPlot */,
				98C009171B04D5DB00D83505 /* RGlib */,
				98C009181B04D5DB00D83505 /* rServer */,
				98C009191B04D5DB00D83505 /* Scripts */,
				98C0091A1B04D5DB00D83505 /* tfCommands */,
				98C0091B1B04D5DB00D83505 /* UIlib */,
				98C0091C1B04D5DB00D83505 /* XResources */,
			);
			sourceTree = "<group>";
		};
/* End PBXGroup section */

/* Begin PBXLegacyTarget section */
		98C009101B04D57900D83505 /* RGIS */ = {
			isa = PBXLegacyTarget;
			buildArgumentsString = "$(ACTION)";
			buildConfigurationList = 98C009131B04D57900D83505 /* Build configuration list for PBXLegacyTarget "RGIS" */;
			buildPhases = (
			);
			buildToolPath = /usr/bin/make;
			dependencies = (
			);
			name = RGIS;
			passBuildSettingsInEnvironment = 1;
			productName = RGIS;
		};
/* End PBXLegacyTarget section */

/* Begin PBXProject section */
		98C0090C1B04D57900D83505 /* Project object */ = {
			isa = PBXProject;
			attributes = {
				LastUpgradeCheck = 0630;
				ORGANIZATIONNAME = "Fekete, Balazs M.";
				TargetAttributes = {
					98C009101B04D57900D83505 = {
						CreatedOnToolsVersion = 6.3.1;
					};
				};
			};
			buildConfigurationList = 98C0090F1B04D57900D83505 /* Build configuration list for PBXProject "RGIS" */;
			compatibilityVersion = "Xcode 3.2";
			developmentRegion = English;
			hasScannedForEncodings = 0;
			knownRegions = (
				en,
			);
			mainGroup = 98C0090B1B04D57900D83505;
			projectDirPath = "";
			projectRoot = "";
			targets = (
				98C009101B04D57900D83505 /* RGIS */,
			);
		};
/* End PBXProject section */

/* Begin XCBuildConfiguration section */
		98C009111B04D57900D83505 /* Debug */ = {
			isa = XCBuildConfiguration;
			buildSettings = {
				ALWAYS_SEARCH_USER_PATHS = NO;
				CLANG_CXX_LANGUAGE_STANDARD = "gnu++0x";
				CLANG_CXX_LIBRARY = "libc++";
				CLANG_ENABLE_MODULES = YES;
				CLANG_ENABLE_OBJC_ARC = YES;
				CLANG_WARN_BOOL_CONVERSION = YES;
				CLANG_WARN_CONSTANT_CONVERSION = YES;
				CLANG_WARN_DIRECT_OBJC_ISA_USAGE = YES_ERROR;
				CLANG_WARN_EMPTY_BODY = YES;
				CLANG_WARN_ENUM_CONVERSION = YES;
				CLANG_WARN_INT_CONVERSION = YES;
				CLANG_WARN_OBJC_ROOT_CLASS = YES_ERROR;
				CLANG_WARN_UNREACHABLE_CODE = YES;
				CLANG_WARN__DUPLICATE_METHOD_MATCH = YES;
				COPY_PHASE_STRIP = NO;
				DEBUG_INFORMATION_FORMAT = dwarf;
				ENABLE_STRICT_OBJC_MSGSEND = YES;
				GCC_C_LANGUAGE_STANDARD = gnu99;
				GCC_DYNAMIC_NO_PIC = NO;
				GCC_NO_COMMON_BLOCKS = YES;
				GCC_OPTIMIZATION_LEVEL = 0;
				GCC_PREPROCESSOR_DEFINITIONS = (
					"DEBUG=1",
					"$(inherited)",
				);
				GCC_SYMBOLS_PRIVATE_EXTERN = NO;
				GCC_WARN_64_TO_32_BIT_CONVERSION = YES;
				GCC_WARN_ABOUT_RETURN_TYPE = YES_ERROR;
				GCC_WARN_UNDECLARED_SELECTOR = YES;
				GCC_WARN_UNINITIALIZED_AUTOS = YES_AGGRESSIVE;
				GCC_WARN_UNUSED_FUNCTION = YES;
				GCC_WARN_UNUSED_VARIABLE = YES;
				MACOSX_DEPLOYMENT_TARGET = 10.10;
				MTL_ENABLE_DEBUG_INFO = YES;
				ONLY_ACTIVE_ARCH = YES;
				SDKROOT = macosx;
			};
			name = Debug;
		};
		98C009121B04D57900D83505 /* Release */ = {
			isa = XCBuildConfiguration;
			buildSettings = {
				ALWAYS_SEARCH_USER_PATHS = NO;
				CLANG_CXX_LANGUAGE_STANDARD = "gnu++0x";
				CLANG_CXX_LIBRARY = "libc++";
				CLANG_ENABLE_MODULES = YES;
				CLANG_ENABLE_OBJC_ARC = YES;
				CLANG_WARN_BOOL_CONVERSION = YES;
				CLANG_WARN_CONSTANT_CONVERSION = YES;
				CLANG_WARN_DIRECT_OBJC_ISA_USAGE = YES_ERROR;
				CLANG_WARN_EMPTY_BODY = YES;
				CLANG_WARN_ENUM_CONVERSION = YES;
				CLANG_WARN_INT_CONVERSION = YES;
				CLANG_WARN_OBJC_ROOT_CLASS = YES_ERROR;
				CLANG_WARN_UNREACHABLE_CODE = YES;
				CLANG_WARN__DUPLICATE_METHOD_MATCH = YES;
				COPY_PHASE_STRIP = NO;
				DEBUG_INFORMATION_FORMAT = "dwarf-with-dsym";
				ENABLE_NS_ASSERTIONS = NO;
				ENABLE_STRICT_OBJC_MSGSEND = YES;
				GCC_C_LANGUAGE_STANDARD = gnu99;
				GCC_NO_COMMON_BLOCKS = YES;
				GCC_WARN_64_TO_32_BIT_CONVERSION = YES;
				GCC_WARN_ABOUT_RETURN_TYPE = YES_ERROR;
				GCC_WARN_UNDECLARED_SELECTOR = YES;
				GCC_WARN_UNINITIALIZED_AUTOS = YES_AGGRESSIVE;
				GCC_WARN_UNUSED_FUNCTION = YES;
				GCC_WARN_UNUSED_VARIABLE = YES;
				MACOSX_DEPLOYMENT_TARGET = 10.10;
				MTL_ENABLE_DEBUG_INFO = NO;
				SDKROOT = macosx;
			};
			name = Release;
		};
		98C009141B04D57900D83505 /* Debug */ = {
			isa = XCBuildConfiguration;
			buildSettings = {
				DEBUGGING_SYMBOLS = YES;
				GCC_GENERATE_DEBUGGING_SYMBOLS = YES;
				GCC_OPTIMIZATION_LEVEL = 0;
				OTHER_CFLAGS = "";
				OTHER_LDFLAGS = "";
				PRODUCT_NAME = "$(TARGET_NAME)";
			};
			name = Debug;
		};
		98C009151B04D57900D83505 /* Release */ = {
			isa = XCBuildConfiguration;
			buildSettings = {
				OTHER_CFLAGS = "";
				OTHER_LDFLAGS = "";
				PRODUCT_NAME = "$(TARGET_NAME)";
			};
			name = Release;
		};
/* End XCBuildConfiguration section */

/* Begin XCConfigurationList section */
		98C0090F1B04D57900D83505 /* Build configuration list for PBXProject "RGIS" */ = {
			isa = XCConfigurationList;
			buildConfigurations = (
				98C009111B04D57900D83505 /* Debug */,
				98C009121B04D57900D83505 /* Release */,
			);
			defaultConfigurationIsVisible = 0;
			defaultConfigurationName = Release;
		};
		98C009131B04D57900D83505 /* Build configuration list for PBXLegacyTarget "RGIS" */ = {
			isa = XCConfigurationList;
			buildConfigurations = (
				98C009141B04D57900D83505 /* Debug */,
				98C009151B04D57900D83505 /* Release */,
			);
			defaultConfigurationIsVisible = 0;
			defaultConfigurationName = Release;
		};
/* End XCConfigurationList section */
	};
	rootObject = 98C0090C1B04D57900D83505 /* Project object */;
}
